
Microsoft Visual Studio Solution File, Format Version 12.00
# Visual Studio 14
VisualStudioVersion = 14.0.25123.0
MinimumVisualStudioVersion = 10.0.40219.1
Project("{2150E333-8FDC-42A3-9474-1A3956D46DE8}") = "src", "src", "{4137050F-9829-4920-A42E-AEF5A2FAAD45}"
EndProject
Project("{2150E333-8FDC-42A3-9474-1A3956D46DE8}") = "Solution Items", "Solution Items", "{A046D430-F0E6-4CB4-BD7A-ED5D3A5539B5}"
	ProjectSection(SolutionItems) = preProject
		global.json = global.json
	EndProjectSection
EndProject
Project("{8BB2217D-0F2D-49D1-97BC-3654ED321F3B}") = "AppveyorTest", "src\AppveyorTest\AppveyorTest.xproj", "{EFA022AD-0B0A-4FAD-89CA-8A0AD3F1F153}"
EndProject
Global
	GlobalSection(SolutionConfigurationPlatforms) = preSolution
		Debug|Any CPU = Debug|Any CPU
		Release|Any CPU = Release|Any CPU
	EndGlobalSection
	GlobalSection(ProjectConfigurationPlatforms) = postSolution
		{EFA022AD-0B0A-4FAD-89CA-8A0AD3F1F153}.Debug|Any CPU.ActiveCfg = Debug|Any CPU
		{EFA022AD-0B0A-4FAD-89CA-8A0AD3F1F153}.Debug|Any CPU.Build.0 = Debug|Any CPU
		{EFA022AD-0B0A-4FAD-89CA-8A0AD3F1F153}.Release|Any CPU.ActiveCfg = Release|Any CPU
		{EFA022AD-0B0A-4FAD-89CA-8A0AD3F1F153}.Release|Any CPU.Build.0 = Release|Any CPU
	EndGlobalSection
	GlobalSection(SolutionProperties) = preSolution
		HideSolutionNode = FALSE
	EndGlobalSection
	GlobalSection(NestedProjects) = preSolution
		{EFA022AD-0B0A-4FAD-89CA-8A0AD3F1F153} = {4137050F-9829-4920-A42E-AEF5A2FAAD45}
	EndGlobalSection
EndGlobal
